// !$*UTF8*$!
{
	archiveVersion = 1;
	classes = {
	};
	objectVersion = 46;
	objects = {

/* Begin PBXBuildFile section */
		074AF19C1CB8B12100A41D3F /* IntroTutorialVC.swift in Sources */ = {isa = PBXBuildFile; fileRef = 074AF19B1CB8B12100A41D3F /* IntroTutorialVC.swift */; };
		074AF19F1CB8B1BE00A41D3F /* bg-1.jpg in Resources */ = {isa = PBXBuildFile; fileRef = 074AF19D1CB8B1BE00A41D3F /* bg-1.jpg */; };
		074AF1A01CB8B1BE00A41D3F /* bg-2.jpg in Resources */ = {isa = PBXBuildFile; fileRef = 074AF19E1CB8B1BE00A41D3F /* bg-2.jpg */; };
		07542E931C7FC36C0056CED6 /* ScrollPickerCell.swift in Sources */ = {isa = PBXBuildFile; fileRef = 07542E921C7FC36C0056CED6 /* ScrollPickerCell.swift */; };
		0754F54F1C79B89E00D0EA05 /* OrdersTVC.swift in Sources */ = {isa = PBXBuildFile; fileRef = 0754F54E1C79B89E00D0EA05 /* OrdersTVC.swift */; };
		0754F5511C79B97900D0EA05 /* OrderCell.swift in Sources */ = {isa = PBXBuildFile; fileRef = 0754F5501C79B97900D0EA05 /* OrderCell.swift */; };
		0754F5541C79D4E800D0EA05 /* ProfPic.png in Resources */ = {isa = PBXBuildFile; fileRef = 0754F5531C79D4E800D0EA05 /* ProfPic.png */; };
		0754F58A1C7AA44400D0EA05 /* DurationPickerCell.swift in Sources */ = {isa = PBXBuildFile; fileRef = 0754F5891C7AA44400D0EA05 /* DurationPickerCell.swift */; };
		0767D3CD1C7C0D130039B2C4 /* TransactionsTVC.swift in Sources */ = {isa = PBXBuildFile; fileRef = 0767D3CC1C7C0D130039B2C4 /* TransactionsTVC.swift */; };
		0767D3CF1C7C46650039B2C4 /* PendingCell.swift in Sources */ = {isa = PBXBuildFile; fileRef = 0767D3CE1C7C46650039B2C4 /* PendingCell.swift */; };
		078739831C8420C000D09C14 /* FilterVC.swift in Sources */ = {isa = PBXBuildFile; fileRef = 078739821C8420C000D09C14 /* FilterVC.swift */; };
		078FD2F01C7C662600EBAB62 /* InProgressCell.swift in Sources */ = {isa = PBXBuildFile; fileRef = 078FD2EF1C7C662600EBAB62 /* InProgressCell.swift */; };
		07AD0F981C8C0CAD0028F0BC /* User.swift in Sources */ = {isa = PBXBuildFile; fileRef = 07AD0F971C8C0CAD0028F0BC /* User.swift */; };
		07CBC9D01C7DAD7F00409369 /* StartTimePickerCell.swift in Sources */ = {isa = PBXBuildFile; fileRef = 07CBC9CF1C7DAD7F00409369 /* StartTimePickerCell.swift */; };
		07DE35181C8901710063F6D6 /* ConversationCell.swift in Sources */ = {isa = PBXBuildFile; fileRef = 07DE35171C8901710063F6D6 /* ConversationCell.swift */; };
		07DE351A1C8904BF0063F6D6 /* Talk-50.png in Resources */ = {isa = PBXBuildFile; fileRef = 07DE35191C8904BF0063F6D6 /* Talk-50.png */; };
		07DE351C1C89055F0063F6D6 /* Activity Feed-50.png in Resources */ = {isa = PBXBuildFile; fileRef = 07DE351B1C89055F0063F6D6 /* Activity Feed-50.png */; };
		07DE351E1C8907010063F6D6 /* Activity Feed Filled-50.png in Resources */ = {isa = PBXBuildFile; fileRef = 07DE351D1C8907010063F6D6 /* Activity Feed Filled-50.png */; };
		07DE35201C8907620063F6D6 /* Chat Filled-50.png in Resources */ = {isa = PBXBuildFile; fileRef = 07DE351F1C8907620063F6D6 /* Chat Filled-50.png */; };
		07DE35221C89080E0063F6D6 /* Circled User Male Filled-50.png in Resources */ = {isa = PBXBuildFile; fileRef = 07DE35211C89080E0063F6D6 /* Circled User Male Filled-50.png */; };
		07EF919D1C7D2AA700FE586D /* CompletedCell.swift in Sources */ = {isa = PBXBuildFile; fileRef = 07EF919C1C7D2AA700FE586D /* CompletedCell.swift */; };
		07EF919F1C7D2FA100FE586D /* InputChargeVC.swift in Sources */ = {isa = PBXBuildFile; fileRef = 07EF919E1C7D2FA100FE586D /* InputChargeVC.swift */; };
		61CC16AC492F27723DE890DB /* Pods_Surplus.framework in Frameworks */ = {isa = PBXBuildFile; fileRef = 961C07283E930440CA9F0D69 /* Pods_Surplus.framework */; };
		832FDCC01C8268D900836B7C /* MainTabBarController.swift in Sources */ = {isa = PBXBuildFile; fileRef = 832FDCBF1C8268D900836B7C /* MainTabBarController.swift */; };
		832FDCDB1C86398C00836B7C /* SingleMsgVC.swift in Sources */ = {isa = PBXBuildFile; fileRef = 832FDCDA1C86398C00836B7C /* SingleMsgVC.swift */; };
		832FDCDD1C86422A00836B7C /* QuartzCore.framework in Frameworks */ = {isa = PBXBuildFile; fileRef = 832FDCDC1C86422A00836B7C /* QuartzCore.framework */; };
		832FDCDF1C87DFB800836B7C /* Chatroom.swift in Sources */ = {isa = PBXBuildFile; fileRef = 832FDCDE1C87DFB800836B7C /* Chatroom.swift */; };
		832FDCE11C87E17500836B7C /* Message.swift in Sources */ = {isa = PBXBuildFile; fileRef = 832FDCE01C87E17500836B7C /* Message.swift */; };
		832FDCE31C87E3DC00836B7C /* ListMessagesTVC.swift in Sources */ = {isa = PBXBuildFile; fileRef = 832FDCE21C87E3DC00836B7C /* ListMessagesTVC.swift */; };
		83B16FCC1C5ED5A0001D7815 /* AppDelegate.swift in Sources */ = {isa = PBXBuildFile; fileRef = 83B16FCB1C5ED5A0001D7815 /* AppDelegate.swift */; };
		83B16FCE1C5ED5A0001D7815 /* LoginVC.swift in Sources */ = {isa = PBXBuildFile; fileRef = 83B16FCD1C5ED5A0001D7815 /* LoginVC.swift */; };
		83B16FD11C5ED5A0001D7815 /* Main.storyboard in Resources */ = {isa = PBXBuildFile; fileRef = 83B16FCF1C5ED5A0001D7815 /* Main.storyboard */; };
		83B16FD31C5ED5A0001D7815 /* Assets.xcassets in Resources */ = {isa = PBXBuildFile; fileRef = 83B16FD21C5ED5A0001D7815 /* Assets.xcassets */; };
		83B16FD61C5ED5A0001D7815 /* LaunchScreen.storyboard in Resources */ = {isa = PBXBuildFile; fileRef = 83B16FD41C5ED5A0001D7815 /* LaunchScreen.storyboard */; };
		83B16FE11C5ED5A0001D7815 /* SurplusTests.swift in Sources */ = {isa = PBXBuildFile; fileRef = 83B16FE01C5ED5A0001D7815 /* SurplusTests.swift */; };
		83B16FEC1C5ED5A0001D7815 /* SurplusUITests.swift in Sources */ = {isa = PBXBuildFile; fileRef = 83B16FEB1C5ED5A0001D7815 /* SurplusUITests.swift */; };
		83B16FFD1C5EDC2E001D7815 /* FBSDKCoreKit.framework in Frameworks */ = {isa = PBXBuildFile; fileRef = 83B16FF91C5EDC2E001D7815 /* FBSDKCoreKit.framework */; };
		83B16FFE1C5EDC2E001D7815 /* FBSDKLoginKit.framework in Frameworks */ = {isa = PBXBuildFile; fileRef = 83B16FFA1C5EDC2E001D7815 /* FBSDKLoginKit.framework */; };
		83B16FFF1C5EDC2E001D7815 /* FBSDKMessengerShareKit.framework in Frameworks */ = {isa = PBXBuildFile; fileRef = 83B16FFB1C5EDC2E001D7815 /* FBSDKMessengerShareKit.framework */; };
		83B170001C5EDC2E001D7815 /* FBSDKShareKit.framework in Frameworks */ = {isa = PBXBuildFile; fileRef = 83B16FFC1C5EDC2E001D7815 /* FBSDKShareKit.framework */; };
		83B7BADA1C79B10A00DF36DD /* FBUserInfo.swift in Sources */ = {isa = PBXBuildFile; fileRef = 83B7BAD91C79B10A00DF36DD /* FBUserInfo.swift */; };
		83E15D021C7FC9B20068423E /* GoogleService-Info.plist in Resources */ = {isa = PBXBuildFile; fileRef = 83E15D011C7FC9B20068423E /* GoogleService-Info.plist */; };
		83E15D3F1C7FE6A20068423E /* GCMClient.swift in Sources */ = {isa = PBXBuildFile; fileRef = 83E15D3E1C7FE6A20068423E /* GCMClient.swift */; };
		83EF48FC1C79CBFC00BE705B /* NewOrderVC.swift in Sources */ = {isa = PBXBuildFile; fileRef = 83EF48FB1C79CBFC00BE705B /* NewOrderVC.swift */; };
		83EF48FE1C79E91000BE705B /* FirebaseClient.swift in Sources */ = {isa = PBXBuildFile; fileRef = 83EF48FD1C79E91000BE705B /* FirebaseClient.swift */; };
		83EF49011C79EBB100BE705B /* Status.swift in Sources */ = {isa = PBXBuildFile; fileRef = 83EF49001C79EBB100BE705B /* Status.swift */; };
		83EF49031C79F72800BE705B /* Order.swift in Sources */ = {isa = PBXBuildFile; fileRef = 83EF49021C79F72800BE705B /* Order.swift */; };
		940CC1A41C827A5000A99A32 /* PaymentMethodCell.swift in Sources */ = {isa = PBXBuildFile; fileRef = 940CC1A31C827A5000A99A32 /* PaymentMethodCell.swift */; };
		940CC1A61C827A9400A99A32 /* ProfileVC.swift in Sources */ = {isa = PBXBuildFile; fileRef = 940CC1A51C827A9400A99A32 /* ProfileVC.swift */; };
		940CC1A81C82866100A99A32 /* Gender Neutral User-64.png in Resources */ = {isa = PBXBuildFile; fileRef = 940CC1A71C82866100A99A32 /* Gender Neutral User-64.png */; };
		940CC1AA1C82872600A99A32 /* Name-50.png in Resources */ = {isa = PBXBuildFile; fileRef = 940CC1A91C82872600A99A32 /* Name-50.png */; };
/* End PBXBuildFile section */

/* Begin PBXContainerItemProxy section */
		83B16FDD1C5ED5A0001D7815 /* PBXContainerItemProxy */ = {
			isa = PBXContainerItemProxy;
			containerPortal = 83B16FC01C5ED5A0001D7815 /* Project object */;
			proxyType = 1;
			remoteGlobalIDString = 83B16FC71C5ED5A0001D7815;
			remoteInfo = Surplus;
		};
		83B16FE81C5ED5A0001D7815 /* PBXContainerItemProxy */ = {
			isa = PBXContainerItemProxy;
			containerPortal = 83B16FC01C5ED5A0001D7815 /* Project object */;
			proxyType = 1;
			remoteGlobalIDString = 83B16FC71C5ED5A0001D7815;
			remoteInfo = Surplus;
		};
/* End PBXContainerItemProxy section */

/* Begin PBXFileReference section */
		07093DD01C5EE33A0020FE79 /* Bridging-Header.h */ = {isa = PBXFileReference; lastKnownFileType = sourcecode.c.h; path = "Bridging-Header.h"; sourceTree = "<group>"; };
		074AF19B1CB8B12100A41D3F /* IntroTutorialVC.swift */ = {isa = PBXFileReference; fileEncoding = 4; lastKnownFileType = sourcecode.swift; path = IntroTutorialVC.swift; sourceTree = "<group>"; };
		074AF19D1CB8B1BE00A41D3F /* bg-1.jpg */ = {isa = PBXFileReference; lastKnownFileType = image.jpeg; path = "bg-1.jpg"; sourceTree = "<group>"; };
		074AF19E1CB8B1BE00A41D3F /* bg-2.jpg */ = {isa = PBXFileReference; lastKnownFileType = image.jpeg; path = "bg-2.jpg"; sourceTree = "<group>"; };
		07542E921C7FC36C0056CED6 /* ScrollPickerCell.swift */ = {isa = PBXFileReference; fileEncoding = 4; lastKnownFileType = sourcecode.swift; path = ScrollPickerCell.swift; sourceTree = "<group>"; };
		0754F54E1C79B89E00D0EA05 /* OrdersTVC.swift */ = {isa = PBXFileReference; fileEncoding = 4; lastKnownFileType = sourcecode.swift; path = OrdersTVC.swift; sourceTree = "<group>"; };
		0754F5501C79B97900D0EA05 /* OrderCell.swift */ = {isa = PBXFileReference; fileEncoding = 4; lastKnownFileType = sourcecode.swift; path = OrderCell.swift; sourceTree = "<group>"; };
		0754F5531C79D4E800D0EA05 /* ProfPic.png */ = {isa = PBXFileReference; lastKnownFileType = image.png; path = ProfPic.png; sourceTree = "<group>"; };
		0754F5891C7AA44400D0EA05 /* DurationPickerCell.swift */ = {isa = PBXFileReference; fileEncoding = 4; lastKnownFileType = sourcecode.swift; path = DurationPickerCell.swift; sourceTree = "<group>"; };
		0767D3CC1C7C0D130039B2C4 /* TransactionsTVC.swift */ = {isa = PBXFileReference; fileEncoding = 4; lastKnownFileType = sourcecode.swift; path = TransactionsTVC.swift; sourceTree = "<group>"; };
		0767D3CE1C7C46650039B2C4 /* PendingCell.swift */ = {isa = PBXFileReference; fileEncoding = 4; lastKnownFileType = sourcecode.swift; path = PendingCell.swift; sourceTree = "<group>"; };
		078739821C8420C000D09C14 /* FilterVC.swift */ = {isa = PBXFileReference; fileEncoding = 4; lastKnownFileType = sourcecode.swift; path = FilterVC.swift; sourceTree = "<group>"; };
		078FD2EF1C7C662600EBAB62 /* InProgressCell.swift */ = {isa = PBXFileReference; fileEncoding = 4; lastKnownFileType = sourcecode.swift; path = InProgressCell.swift; sourceTree = "<group>"; };
		07AD0F971C8C0CAD0028F0BC /* User.swift */ = {isa = PBXFileReference; fileEncoding = 4; lastKnownFileType = sourcecode.swift; path = User.swift; sourceTree = "<group>"; };
		07CBC9CF1C7DAD7F00409369 /* StartTimePickerCell.swift */ = {isa = PBXFileReference; fileEncoding = 4; lastKnownFileType = sourcecode.swift; path = StartTimePickerCell.swift; sourceTree = "<group>"; };
		07DE35171C8901710063F6D6 /* ConversationCell.swift */ = {isa = PBXFileReference; fileEncoding = 4; lastKnownFileType = sourcecode.swift; path = ConversationCell.swift; sourceTree = "<group>"; };
		07DE35191C8904BF0063F6D6 /* Talk-50.png */ = {isa = PBXFileReference; lastKnownFileType = image.png; path = "Talk-50.png"; sourceTree = "<group>"; };
		07DE351B1C89055F0063F6D6 /* Activity Feed-50.png */ = {isa = PBXFileReference; lastKnownFileType = image.png; path = "Activity Feed-50.png"; sourceTree = "<group>"; };
		07DE351D1C8907010063F6D6 /* Activity Feed Filled-50.png */ = {isa = PBXFileReference; lastKnownFileType = image.png; path = "Activity Feed Filled-50.png"; sourceTree = "<group>"; };
		07DE351F1C8907620063F6D6 /* Chat Filled-50.png */ = {isa = PBXFileReference; lastKnownFileType = image.png; path = "Chat Filled-50.png"; sourceTree = "<group>"; };
		07DE35211C89080E0063F6D6 /* Circled User Male Filled-50.png */ = {isa = PBXFileReference; lastKnownFileType = image.png; path = "Circled User Male Filled-50.png"; sourceTree = "<group>"; };
		07EF919C1C7D2AA700FE586D /* CompletedCell.swift */ = {isa = PBXFileReference; fileEncoding = 4; lastKnownFileType = sourcecode.swift; path = CompletedCell.swift; sourceTree = "<group>"; };
		07EF919E1C7D2FA100FE586D /* InputChargeVC.swift */ = {isa = PBXFileReference; fileEncoding = 4; lastKnownFileType = sourcecode.swift; path = InputChargeVC.swift; sourceTree = "<group>"; };
		766AB07C5C5EE727C4AB06D6 /* Pods-Surplus.debug.xcconfig */ = {isa = PBXFileReference; includeInIndex = 1; lastKnownFileType = text.xcconfig; name = "Pods-Surplus.debug.xcconfig"; path = "Pods/Target Support Files/Pods-Surplus/Pods-Surplus.debug.xcconfig"; sourceTree = "<group>"; };
		832FDCBF1C8268D900836B7C /* MainTabBarController.swift */ = {isa = PBXFileReference; fileEncoding = 4; lastKnownFileType = sourcecode.swift; path = MainTabBarController.swift; sourceTree = "<group>"; };
		832FDCDA1C86398C00836B7C /* SingleMsgVC.swift */ = {isa = PBXFileReference; fileEncoding = 4; lastKnownFileType = sourcecode.swift; path = SingleMsgVC.swift; sourceTree = "<group>"; };
		832FDCDC1C86422A00836B7C /* QuartzCore.framework */ = {isa = PBXFileReference; lastKnownFileType = wrapper.framework; name = QuartzCore.framework; path = System/Library/Frameworks/QuartzCore.framework; sourceTree = SDKROOT; };
		832FDCDE1C87DFB800836B7C /* Chatroom.swift */ = {isa = PBXFileReference; fileEncoding = 4; lastKnownFileType = sourcecode.swift; path = Chatroom.swift; sourceTree = "<group>"; };
		832FDCE01C87E17500836B7C /* Message.swift */ = {isa = PBXFileReference; fileEncoding = 4; lastKnownFileType = sourcecode.swift; path = Message.swift; sourceTree = "<group>"; };
		832FDCE21C87E3DC00836B7C /* ListMessagesTVC.swift */ = {isa = PBXFileReference; fileEncoding = 4; lastKnownFileType = sourcecode.swift; path = ListMessagesTVC.swift; sourceTree = "<group>"; };
		83B16FC81C5ED5A0001D7815 /* Surplus.app */ = {isa = PBXFileReference; explicitFileType = wrapper.application; includeInIndex = 0; path = Surplus.app; sourceTree = BUILT_PRODUCTS_DIR; };
		83B16FCB1C5ED5A0001D7815 /* AppDelegate.swift */ = {isa = PBXFileReference; lastKnownFileType = sourcecode.swift; path = AppDelegate.swift; sourceTree = "<group>"; };
		83B16FCD1C5ED5A0001D7815 /* LoginVC.swift */ = {isa = PBXFileReference; lastKnownFileType = sourcecode.swift; path = LoginVC.swift; sourceTree = "<group>"; };
		83B16FD01C5ED5A0001D7815 /* Base */ = {isa = PBXFileReference; lastKnownFileType = file.storyboard; name = Base; path = Base.lproj/Main.storyboard; sourceTree = "<group>"; };
		83B16FD21C5ED5A0001D7815 /* Assets.xcassets */ = {isa = PBXFileReference; lastKnownFileType = folder.assetcatalog; path = Assets.xcassets; sourceTree = "<group>"; };
		83B16FD51C5ED5A0001D7815 /* Base */ = {isa = PBXFileReference; lastKnownFileType = file.storyboard; name = Base; path = Base.lproj/LaunchScreen.storyboard; sourceTree = "<group>"; };
		83B16FD71C5ED5A0001D7815 /* Info.plist */ = {isa = PBXFileReference; lastKnownFileType = text.plist.xml; path = Info.plist; sourceTree = "<group>"; };
		83B16FDC1C5ED5A0001D7815 /* SurplusTests.xctest */ = {isa = PBXFileReference; explicitFileType = wrapper.cfbundle; includeInIndex = 0; path = SurplusTests.xctest; sourceTree = BUILT_PRODUCTS_DIR; };
		83B16FE01C5ED5A0001D7815 /* SurplusTests.swift */ = {isa = PBXFileReference; lastKnownFileType = sourcecode.swift; path = SurplusTests.swift; sourceTree = "<group>"; };
		83B16FE21C5ED5A0001D7815 /* Info.plist */ = {isa = PBXFileReference; lastKnownFileType = text.plist.xml; path = Info.plist; sourceTree = "<group>"; };
		83B16FE71C5ED5A0001D7815 /* SurplusUITests.xctest */ = {isa = PBXFileReference; explicitFileType = wrapper.cfbundle; includeInIndex = 0; path = SurplusUITests.xctest; sourceTree = BUILT_PRODUCTS_DIR; };
		83B16FEB1C5ED5A0001D7815 /* SurplusUITests.swift */ = {isa = PBXFileReference; lastKnownFileType = sourcecode.swift; path = SurplusUITests.swift; sourceTree = "<group>"; };
		83B16FED1C5ED5A0001D7815 /* Info.plist */ = {isa = PBXFileReference; lastKnownFileType = text.plist.xml; path = Info.plist; sourceTree = "<group>"; };
		83B16FF91C5EDC2E001D7815 /* FBSDKCoreKit.framework */ = {isa = PBXFileReference; lastKnownFileType = wrapper.framework; name = FBSDKCoreKit.framework; path = Frameworks/FBSDKCoreKit.framework; sourceTree = "<group>"; };
		83B16FFA1C5EDC2E001D7815 /* FBSDKLoginKit.framework */ = {isa = PBXFileReference; lastKnownFileType = wrapper.framework; name = FBSDKLoginKit.framework; path = Frameworks/FBSDKLoginKit.framework; sourceTree = "<group>"; };
		83B16FFB1C5EDC2E001D7815 /* FBSDKMessengerShareKit.framework */ = {isa = PBXFileReference; lastKnownFileType = wrapper.framework; name = FBSDKMessengerShareKit.framework; path = Frameworks/FBSDKMessengerShareKit.framework; sourceTree = "<group>"; };
		83B16FFC1C5EDC2E001D7815 /* FBSDKShareKit.framework */ = {isa = PBXFileReference; lastKnownFileType = wrapper.framework; name = FBSDKShareKit.framework; path = Frameworks/FBSDKShareKit.framework; sourceTree = "<group>"; };
		83B7BAD91C79B10A00DF36DD /* FBUserInfo.swift */ = {isa = PBXFileReference; fileEncoding = 4; lastKnownFileType = sourcecode.swift; path = FBUserInfo.swift; sourceTree = "<group>"; };
		83E15D011C7FC9B20068423E /* GoogleService-Info.plist */ = {isa = PBXFileReference; fileEncoding = 4; lastKnownFileType = text.plist.xml; path = "GoogleService-Info.plist"; sourceTree = "<group>"; };
		83E15D3E1C7FE6A20068423E /* GCMClient.swift */ = {isa = PBXFileReference; fileEncoding = 4; lastKnownFileType = sourcecode.swift; path = GCMClient.swift; sourceTree = "<group>"; };
		83EF48FB1C79CBFC00BE705B /* NewOrderVC.swift */ = {isa = PBXFileReference; fileEncoding = 4; lastKnownFileType = sourcecode.swift; path = NewOrderVC.swift; sourceTree = "<group>"; };
		83EF48FD1C79E91000BE705B /* FirebaseClient.swift */ = {isa = PBXFileReference; fileEncoding = 4; lastKnownFileType = sourcecode.swift; path = FirebaseClient.swift; sourceTree = "<group>"; };
		83EF49001C79EBB100BE705B /* Status.swift */ = {isa = PBXFileReference; fileEncoding = 4; lastKnownFileType = sourcecode.swift; path = Status.swift; sourceTree = "<group>"; };
		83EF49021C79F72800BE705B /* Order.swift */ = {isa = PBXFileReference; fileEncoding = 4; lastKnownFileType = sourcecode.swift; path = Order.swift; sourceTree = "<group>"; };
		940CC1A31C827A5000A99A32 /* PaymentMethodCell.swift */ = {isa = PBXFileReference; fileEncoding = 4; lastKnownFileType = sourcecode.swift; path = PaymentMethodCell.swift; sourceTree = "<group>"; };
		940CC1A51C827A9400A99A32 /* ProfileVC.swift */ = {isa = PBXFileReference; fileEncoding = 4; lastKnownFileType = sourcecode.swift; path = ProfileVC.swift; sourceTree = "<group>"; };
		940CC1A71C82866100A99A32 /* Gender Neutral User-64.png */ = {isa = PBXFileReference; lastKnownFileType = image.png; path = "Gender Neutral User-64.png"; sourceTree = "<group>"; };
		940CC1A91C82872600A99A32 /* Name-50.png */ = {isa = PBXFileReference; lastKnownFileType = image.png; path = "Name-50.png"; sourceTree = "<group>"; };
		961C07283E930440CA9F0D69 /* Pods_Surplus.framework */ = {isa = PBXFileReference; explicitFileType = wrapper.framework; includeInIndex = 0; path = Pods_Surplus.framework; sourceTree = BUILT_PRODUCTS_DIR; };
		BDA459FCA6C504E5E07B5157 /* Pods-Surplus.release.xcconfig */ = {isa = PBXFileReference; includeInIndex = 1; lastKnownFileType = text.xcconfig; name = "Pods-Surplus.release.xcconfig"; path = "Pods/Target Support Files/Pods-Surplus/Pods-Surplus.release.xcconfig"; sourceTree = "<group>"; };
/* End PBXFileReference section */

/* Begin PBXFrameworksBuildPhase section */
		83B16FC51C5ED5A0001D7815 /* Frameworks */ = {
			isa = PBXFrameworksBuildPhase;
			buildActionMask = 2147483647;
			files = (
				832FDCDD1C86422A00836B7C /* QuartzCore.framework in Frameworks */,
				83B16FFD1C5EDC2E001D7815 /* FBSDKCoreKit.framework in Frameworks */,
				83B16FFE1C5EDC2E001D7815 /* FBSDKLoginKit.framework in Frameworks */,
				83B16FFF1C5EDC2E001D7815 /* FBSDKMessengerShareKit.framework in Frameworks */,
				83B170001C5EDC2E001D7815 /* FBSDKShareKit.framework in Frameworks */,
				61CC16AC492F27723DE890DB /* Pods_Surplus.framework in Frameworks */,
			);
			runOnlyForDeploymentPostprocessing = 0;
		};
		83B16FD91C5ED5A0001D7815 /* Frameworks */ = {
			isa = PBXFrameworksBuildPhase;
			buildActionMask = 2147483647;
			files = (
			);
			runOnlyForDeploymentPostprocessing = 0;
		};
		83B16FE41C5ED5A0001D7815 /* Frameworks */ = {
			isa = PBXFrameworksBuildPhase;
			buildActionMask = 2147483647;
			files = (
			);
			runOnlyForDeploymentPostprocessing = 0;
		};
/* End PBXFrameworksBuildPhase section */

/* Begin PBXGroup section */
		0754F5491C79AA6B00D0EA05 /* VCs */ = {
			isa = PBXGroup;
			children = (
				07EF91A01C7D2FA600FE586D /* Cells */,
				83B16FCD1C5ED5A0001D7815 /* LoginVC.swift */,
				0754F54E1C79B89E00D0EA05 /* OrdersTVC.swift */,
				83EF48FB1C79CBFC00BE705B /* NewOrderVC.swift */,
				0767D3CC1C7C0D130039B2C4 /* TransactionsTVC.swift */,
				07EF919E1C7D2FA100FE586D /* InputChargeVC.swift */,
				832FDCBF1C8268D900836B7C /* MainTabBarController.swift */,
				940CC1A51C827A9400A99A32 /* ProfileVC.swift */,
				078739821C8420C000D09C14 /* FilterVC.swift */,
				832FDCDA1C86398C00836B7C /* SingleMsgVC.swift */,
				832FDCE21C87E3DC00836B7C /* ListMessagesTVC.swift */,
				074AF19B1CB8B12100A41D3F /* IntroTutorialVC.swift */,
			);
			name = VCs;
			sourceTree = "<group>";
		};
		0754F54A1C79AA7500D0EA05 /* Support Files */ = {
			isa = PBXGroup;
			children = (
				83B16FD71C5ED5A0001D7815 /* Info.plist */,
				07093DD01C5EE33A0020FE79 /* Bridging-Header.h */,
			);
			name = "Support Files";
			sourceTree = "<group>";
		};
		0754F54B1C79AA8D00D0EA05 /* Storyboards */ = {
			isa = PBXGroup;
			children = (
				83B16FD41C5ED5A0001D7815 /* LaunchScreen.storyboard */,
				83B16FCF1C5ED5A0001D7815 /* Main.storyboard */,
			);
			name = Storyboards;
			sourceTree = "<group>";
		};
		0754F5521C79D4D000D0EA05 /* Images */ = {
			isa = PBXGroup;
			children = (
				074AF19D1CB8B1BE00A41D3F /* bg-1.jpg */,
				074AF19E1CB8B1BE00A41D3F /* bg-2.jpg */,
				07DE35211C89080E0063F6D6 /* Circled User Male Filled-50.png */,
				07DE351F1C8907620063F6D6 /* Chat Filled-50.png */,
				07DE351D1C8907010063F6D6 /* Activity Feed Filled-50.png */,
				07DE351B1C89055F0063F6D6 /* Activity Feed-50.png */,
				07DE35191C8904BF0063F6D6 /* Talk-50.png */,
				940CC1A91C82872600A99A32 /* Name-50.png */,
				940CC1A71C82866100A99A32 /* Gender Neutral User-64.png */,
				0754F5531C79D4E800D0EA05 /* ProfPic.png */,
			);
			name = Images;
			sourceTree = "<group>";
		};
		07EF91A01C7D2FA600FE586D /* Cells */ = {
			isa = PBXGroup;
			children = (
				07542E921C7FC36C0056CED6 /* ScrollPickerCell.swift */,
				07CBC9CF1C7DAD7F00409369 /* StartTimePickerCell.swift */,
				0754F5891C7AA44400D0EA05 /* DurationPickerCell.swift */,
				0767D3CE1C7C46650039B2C4 /* PendingCell.swift */,
				078FD2EF1C7C662600EBAB62 /* InProgressCell.swift */,
				07EF919C1C7D2AA700FE586D /* CompletedCell.swift */,
				0754F5501C79B97900D0EA05 /* OrderCell.swift */,
				940CC1A31C827A5000A99A32 /* PaymentMethodCell.swift */,
				07DE35171C8901710063F6D6 /* ConversationCell.swift */,
			);
			name = Cells;
			sourceTree = "<group>";
		};
		83B16FBF1C5ED5A0001D7815 = {
			isa = PBXGroup;
			children = (
				83E15D011C7FC9B20068423E /* GoogleService-Info.plist */,
				83B16FCA1C5ED5A0001D7815 /* Surplus */,
				83B16FDF1C5ED5A0001D7815 /* SurplusTests */,
				83B16FEA1C5ED5A0001D7815 /* SurplusUITests */,
				83B16FC91C5ED5A0001D7815 /* Products */,
				8BC57A190E64A08E77806A01 /* Pods */,
				DAA52CDA128C91823CBA741E /* Frameworks */,
			);
			sourceTree = "<group>";
		};
		83B16FC91C5ED5A0001D7815 /* Products */ = {
			isa = PBXGroup;
			children = (
				83B16FC81C5ED5A0001D7815 /* Surplus.app */,
				83B16FDC1C5ED5A0001D7815 /* SurplusTests.xctest */,
				83B16FE71C5ED5A0001D7815 /* SurplusUITests.xctest */,
			);
			name = Products;
			sourceTree = "<group>";
		};
		83B16FCA1C5ED5A0001D7815 /* Surplus */ = {
			isa = PBXGroup;
			children = (
				83EF48FF1C79E92300BE705B /* API Wrappers */,
				83B16FD21C5ED5A0001D7815 /* Assets.xcassets */,
				83B16FCB1C5ED5A0001D7815 /* AppDelegate.swift */,
				0754F54A1C79AA7500D0EA05 /* Support Files */,
				0754F5521C79D4D000D0EA05 /* Images */,
				0754F54B1C79AA8D00D0EA05 /* Storyboards */,
				0754F5491C79AA6B00D0EA05 /* VCs */,
			);
			path = Surplus;
			sourceTree = "<group>";
		};
		83B16FDF1C5ED5A0001D7815 /* SurplusTests */ = {
			isa = PBXGroup;
			children = (
				83B16FE01C5ED5A0001D7815 /* SurplusTests.swift */,
				83B16FE21C5ED5A0001D7815 /* Info.plist */,
			);
			path = SurplusTests;
			sourceTree = "<group>";
		};
		83B16FEA1C5ED5A0001D7815 /* SurplusUITests */ = {
			isa = PBXGroup;
			children = (
				83B16FEB1C5ED5A0001D7815 /* SurplusUITests.swift */,
				83B16FED1C5ED5A0001D7815 /* Info.plist */,
			);
			path = SurplusUITests;
			sourceTree = "<group>";
		};
		83EF48FF1C79E92300BE705B /* API Wrappers */ = {
			isa = PBXGroup;
			children = (
				83B7BAD91C79B10A00DF36DD /* FBUserInfo.swift */,
				83EF48FD1C79E91000BE705B /* FirebaseClient.swift */,
				83EF49001C79EBB100BE705B /* Status.swift */,
				83EF49021C79F72800BE705B /* Order.swift */,
				83E15D3E1C7FE6A20068423E /* GCMClient.swift */,
				832FDCDE1C87DFB800836B7C /* Chatroom.swift */,
				832FDCE01C87E17500836B7C /* Message.swift */,
				07AD0F971C8C0CAD0028F0BC /* User.swift */,
			);
			name = "API Wrappers";
			sourceTree = "<group>";
		};
		8BC57A190E64A08E77806A01 /* Pods */ = {
			isa = PBXGroup;
			children = (
				766AB07C5C5EE727C4AB06D6 /* Pods-Surplus.debug.xcconfig */,
				BDA459FCA6C504E5E07B5157 /* Pods-Surplus.release.xcconfig */,
			);
			name = Pods;
			sourceTree = "<group>";
		};
		DAA52CDA128C91823CBA741E /* Frameworks */ = {
			isa = PBXGroup;
			children = (
				832FDCDC1C86422A00836B7C /* QuartzCore.framework */,
				83B16FF91C5EDC2E001D7815 /* FBSDKCoreKit.framework */,
				83B16FFA1C5EDC2E001D7815 /* FBSDKLoginKit.framework */,
				83B16FFB1C5EDC2E001D7815 /* FBSDKMessengerShareKit.framework */,
				83B16FFC1C5EDC2E001D7815 /* FBSDKShareKit.framework */,
				961C07283E930440CA9F0D69 /* Pods_Surplus.framework */,
			);
			name = Frameworks;
			sourceTree = "<group>";
		};
/* End PBXGroup section */

/* Begin PBXNativeTarget section */
		83B16FC71C5ED5A0001D7815 /* Surplus */ = {
			isa = PBXNativeTarget;
			buildConfigurationList = 83B16FF01C5ED5A0001D7815 /* Build configuration list for PBXNativeTarget "Surplus" */;
			buildPhases = (
				C80CFCED1E55B7F840509912 /* Check Pods Manifest.lock */,
				83B16FC41C5ED5A0001D7815 /* Sources */,
				83B16FC51C5ED5A0001D7815 /* Frameworks */,
				83B16FC61C5ED5A0001D7815 /* Resources */,
				27AD3F636012E3E4080126FB /* Embed Pods Frameworks */,
				FDD973827436D56308AD2006 /* Copy Pods Resources */,
			);
			buildRules = (
			);
			dependencies = (
			);
			name = Surplus;
			productName = Surplus;
			productReference = 83B16FC81C5ED5A0001D7815 /* Surplus.app */;
			productType = "com.apple.product-type.application";
		};
		83B16FDB1C5ED5A0001D7815 /* SurplusTests */ = {
			isa = PBXNativeTarget;
			buildConfigurationList = 83B16FF31C5ED5A0001D7815 /* Build configuration list for PBXNativeTarget "SurplusTests" */;
			buildPhases = (
				83B16FD81C5ED5A0001D7815 /* Sources */,
				83B16FD91C5ED5A0001D7815 /* Frameworks */,
				83B16FDA1C5ED5A0001D7815 /* Resources */,
			);
			buildRules = (
			);
			dependencies = (
				83B16FDE1C5ED5A0001D7815 /* PBXTargetDependency */,
			);
			name = SurplusTests;
			productName = SurplusTests;
			productReference = 83B16FDC1C5ED5A0001D7815 /* SurplusTests.xctest */;
			productType = "com.apple.product-type.bundle.unit-test";
		};
		83B16FE61C5ED5A0001D7815 /* SurplusUITests */ = {
			isa = PBXNativeTarget;
			buildConfigurationList = 83B16FF61C5ED5A0001D7815 /* Build configuration list for PBXNativeTarget "SurplusUITests" */;
			buildPhases = (
				83B16FE31C5ED5A0001D7815 /* Sources */,
				83B16FE41C5ED5A0001D7815 /* Frameworks */,
				83B16FE51C5ED5A0001D7815 /* Resources */,
			);
			buildRules = (
			);
			dependencies = (
				83B16FE91C5ED5A0001D7815 /* PBXTargetDependency */,
			);
			name = SurplusUITests;
			productName = SurplusUITests;
			productReference = 83B16FE71C5ED5A0001D7815 /* SurplusUITests.xctest */;
			productType = "com.apple.product-type.bundle.ui-testing";
		};
/* End PBXNativeTarget section */

/* Begin PBXProject section */
		83B16FC01C5ED5A0001D7815 /* Project object */ = {
			isa = PBXProject;
			attributes = {
				LastSwiftUpdateCheck = 0720;
				LastUpgradeCheck = 0720;
				ORGANIZATIONNAME = "Daniel Lee";
				TargetAttributes = {
					83B16FC71C5ED5A0001D7815 = {
						CreatedOnToolsVersion = 7.2;
						DevelopmentTeam = CWEESB29TK;
						SystemCapabilities = {
							com.apple.BackgroundModes = {
								enabled = 1;
							};
							com.apple.Push = {
								enabled = 1;
							};
						};
					};
					83B16FDB1C5ED5A0001D7815 = {
						CreatedOnToolsVersion = 7.2;
						TestTargetID = 83B16FC71C5ED5A0001D7815;
					};
					83B16FE61C5ED5A0001D7815 = {
						CreatedOnToolsVersion = 7.2;
						TestTargetID = 83B16FC71C5ED5A0001D7815;
					};
				};
			};
			buildConfigurationList = 83B16FC31C5ED5A0001D7815 /* Build configuration list for PBXProject "Surplus" */;
			compatibilityVersion = "Xcode 3.2";
			developmentRegion = English;
			hasScannedForEncodings = 0;
			knownRegions = (
				en,
				Base,
			);
			mainGroup = 83B16FBF1C5ED5A0001D7815;
			productRefGroup = 83B16FC91C5ED5A0001D7815 /* Products */;
			projectDirPath = "";
			projectRoot = "";
			targets = (
				83B16FC71C5ED5A0001D7815 /* Surplus */,
				83B16FDB1C5ED5A0001D7815 /* SurplusTests */,
				83B16FE61C5ED5A0001D7815 /* SurplusUITests */,
			);
		};
/* End PBXProject section */

/* Begin PBXResourcesBuildPhase section */
		83B16FC61C5ED5A0001D7815 /* Resources */ = {
			isa = PBXResourcesBuildPhase;
			buildActionMask = 2147483647;
			files = (
				07DE35221C89080E0063F6D6 /* Circled User Male Filled-50.png in Resources */,
				074AF19F1CB8B1BE00A41D3F /* bg-1.jpg in Resources */,
				83B16FD61C5ED5A0001D7815 /* LaunchScreen.storyboard in Resources */,
				074AF1A01CB8B1BE00A41D3F /* bg-2.jpg in Resources */,
				940CC1A81C82866100A99A32 /* Gender Neutral User-64.png in Resources */,
				83E15D021C7FC9B20068423E /* GoogleService-Info.plist in Resources */,
				0754F5541C79D4E800D0EA05 /* ProfPic.png in Resources */,
				07DE351A1C8904BF0063F6D6 /* Talk-50.png in Resources */,
				07DE351C1C89055F0063F6D6 /* Activity Feed-50.png in Resources */,
				83B16FD31C5ED5A0001D7815 /* Assets.xcassets in Resources */,
				83B16FD11C5ED5A0001D7815 /* Main.storyboard in Resources */,
				07DE35201C8907620063F6D6 /* Chat Filled-50.png in Resources */,
				940CC1AA1C82872600A99A32 /* Name-50.png in Resources */,
				07DE351E1C8907010063F6D6 /* Activity Feed Filled-50.png in Resources */,
			);
			runOnlyForDeploymentPostprocessing = 0;
		};
		83B16FDA1C5ED5A0001D7815 /* Resources */ = {
			isa = PBXResourcesBuildPhase;
			buildActionMask = 2147483647;
			files = (
			);
			runOnlyForDeploymentPostprocessing = 0;
		};
		83B16FE51C5ED5A0001D7815 /* Resources */ = {
			isa = PBXResourcesBuildPhase;
			buildActionMask = 2147483647;
			files = (
			);
			runOnlyForDeploymentPostprocessing = 0;
		};
/* End PBXResourcesBuildPhase section */

/* Begin PBXShellScriptBuildPhase section */
		27AD3F636012E3E4080126FB /* Embed Pods Frameworks */ = {
			isa = PBXShellScriptBuildPhase;
			buildActionMask = 2147483647;
			files = (
			);
			inputPaths = (
			);
			name = "Embed Pods Frameworks";
			outputPaths = (
			);
			runOnlyForDeploymentPostprocessing = 0;
			shellPath = /bin/sh;
			shellScript = "\"${SRCROOT}/Pods/Target Support Files/Pods-Surplus/Pods-Surplus-frameworks.sh\"\n";
			showEnvVarsInLog = 0;
		};
		C80CFCED1E55B7F840509912 /* Check Pods Manifest.lock */ = {
			isa = PBXShellScriptBuildPhase;
			buildActionMask = 2147483647;
			files = (
			);
			inputPaths = (
			);
			name = "Check Pods Manifest.lock";
			outputPaths = (
			);
			runOnlyForDeploymentPostprocessing = 0;
			shellPath = /bin/sh;
			shellScript = "diff \"${PODS_ROOT}/../Podfile.lock\" \"${PODS_ROOT}/Manifest.lock\" > /dev/null\nif [[ $? != 0 ]] ; then\n    cat << EOM\nerror: The sandbox is not in sync with the Podfile.lock. Run 'pod install' or update your CocoaPods installation.\nEOM\n    exit 1\nfi\n";
			showEnvVarsInLog = 0;
		};
		FDD973827436D56308AD2006 /* Copy Pods Resources */ = {
			isa = PBXShellScriptBuildPhase;
			buildActionMask = 2147483647;
			files = (
			);
			inputPaths = (
			);
			name = "Copy Pods Resources";
			outputPaths = (
			);
			runOnlyForDeploymentPostprocessing = 0;
			shellPath = /bin/sh;
			shellScript = "\"${SRCROOT}/Pods/Target Support Files/Pods-Surplus/Pods-Surplus-resources.sh\"\n";
			showEnvVarsInLog = 0;
		};
/* End PBXShellScriptBuildPhase section */

/* Begin PBXSourcesBuildPhase section */
		83B16FC41C5ED5A0001D7815 /* Sources */ = {
			isa = PBXSourcesBuildPhase;
			buildActionMask = 2147483647;
			files = (
				83B16FCE1C5ED5A0001D7815 /* LoginVC.swift in Sources */,
				940CC1A41C827A5000A99A32 /* PaymentMethodCell.swift in Sources */,
				07EF919F1C7D2FA100FE586D /* InputChargeVC.swift in Sources */,
				0754F54F1C79B89E00D0EA05 /* OrdersTVC.swift in Sources */,
				83EF48FC1C79CBFC00BE705B /* NewOrderVC.swift in Sources */,
				832FDCE31C87E3DC00836B7C /* ListMessagesTVC.swift in Sources */,
				83EF49031C79F72800BE705B /* Order.swift in Sources */,
				83EF49011C79EBB100BE705B /* Status.swift in Sources */,
				832FDCE11C87E17500836B7C /* Message.swift in Sources */,
				83B16FCC1C5ED5A0001D7815 /* AppDelegate.swift in Sources */,
				83EF48FE1C79E91000BE705B /* FirebaseClient.swift in Sources */,
				940CC1A61C827A9400A99A32 /* ProfileVC.swift in Sources */,
				078FD2F01C7C662600EBAB62 /* InProgressCell.swift in Sources */,
				83B7BADA1C79B10A00DF36DD /* FBUserInfo.swift in Sources */,
				074AF19C1CB8B12100A41D3F /* IntroTutorialVC.swift in Sources */,
				0754F5511C79B97900D0EA05 /* OrderCell.swift in Sources */,
				0767D3CF1C7C46650039B2C4 /* PendingCell.swift in Sources */,
				832FDCDF1C87DFB800836B7C /* Chatroom.swift in Sources */,
				07DE35181C8901710063F6D6 /* ConversationCell.swift in Sources */,
				0767D3CD1C7C0D130039B2C4 /* TransactionsTVC.swift in Sources */,
				832FDCC01C8268D900836B7C /* MainTabBarController.swift in Sources */,
				07AD0F981C8C0CAD0028F0BC /* User.swift in Sources */,
				0754F58A1C7AA44400D0EA05 /* DurationPickerCell.swift in Sources */,
				07EF919D1C7D2AA700FE586D /* CompletedCell.swift in Sources */,
				07542E931C7FC36C0056CED6 /* ScrollPickerCell.swift in Sources */,
				83E15D3F1C7FE6A20068423E /* GCMClient.swift in Sources */,
				078739831C8420C000D09C14 /* FilterVC.swift in Sources */,
				07CBC9D01C7DAD7F00409369 /* StartTimePickerCell.swift in Sources */,
				832FDCDB1C86398C00836B7C /* SingleMsgVC.swift in Sources */,
			);
			runOnlyForDeploymentPostprocessing = 0;
		};
		83B16FD81C5ED5A0001D7815 /* Sources */ = {
			isa = PBXSourcesBuildPhase;
			buildActionMask = 2147483647;
			files = (
				83B16FE11C5ED5A0001D7815 /* SurplusTests.swift in Sources */,
			);
			runOnlyForDeploymentPostprocessing = 0;
		};
		83B16FE31C5ED5A0001D7815 /* Sources */ = {
			isa = PBXSourcesBuildPhase;
			buildActionMask = 2147483647;
			files = (
				83B16FEC1C5ED5A0001D7815 /* SurplusUITests.swift in Sources */,
			);
			runOnlyForDeploymentPostprocessing = 0;
		};
/* End PBXSourcesBuildPhase section */

/* Begin PBXTargetDependency section */
		83B16FDE1C5ED5A0001D7815 /* PBXTargetDependency */ = {
			isa = PBXTargetDependency;
			target = 83B16FC71C5ED5A0001D7815 /* Surplus */;
			targetProxy = 83B16FDD1C5ED5A0001D7815 /* PBXContainerItemProxy */;
		};
		83B16FE91C5ED5A0001D7815 /* PBXTargetDependency */ = {
			isa = PBXTargetDependency;
			target = 83B16FC71C5ED5A0001D7815 /* Surplus */;
			targetProxy = 83B16FE81C5ED5A0001D7815 /* PBXContainerItemProxy */;
		};
/* End PBXTargetDependency section */

/* Begin PBXVariantGroup section */
		83B16FCF1C5ED5A0001D7815 /* Main.storyboard */ = {
			isa = PBXVariantGroup;
			children = (
				83B16FD01C5ED5A0001D7815 /* Base */,
			);
			name = Main.storyboard;
			sourceTree = "<group>";
		};
		83B16FD41C5ED5A0001D7815 /* LaunchScreen.storyboard */ = {
			isa = PBXVariantGroup;
			children = (
				83B16FD51C5ED5A0001D7815 /* Base */,
			);
			name = LaunchScreen.storyboard;
			sourceTree = "<group>";
		};
/* End PBXVariantGroup section */

/* Begin XCBuildConfiguration section */
		83B16FEE1C5ED5A0001D7815 /* Debug */ = {
			isa = XCBuildConfiguration;
			buildSettings = {
				ALWAYS_SEARCH_USER_PATHS = NO;
				CLANG_CXX_LANGUAGE_STANDARD = "gnu++0x";
				CLANG_CXX_LIBRARY = "libc++";
				CLANG_ENABLE_MODULES = YES;
				CLANG_ENABLE_OBJC_ARC = YES;
				CLANG_WARN_BOOL_CONVERSION = YES;
				CLANG_WARN_CONSTANT_CONVERSION = YES;
				CLANG_WARN_DIRECT_OBJC_ISA_USAGE = YES_ERROR;
				CLANG_WARN_EMPTY_BODY = YES;
				CLANG_WARN_ENUM_CONVERSION = YES;
				CLANG_WARN_INT_CONVERSION = YES;
				CLANG_WARN_OBJC_ROOT_CLASS = YES_ERROR;
				CLANG_WARN_UNREACHABLE_CODE = YES;
				CLANG_WARN__DUPLICATE_METHOD_MATCH = YES;
				"CODE_SIGN_IDENTITY[sdk=iphoneos*]" = "iPhone Developer";
				COPY_PHASE_STRIP = NO;
				DEBUG_INFORMATION_FORMAT = dwarf;
				ENABLE_STRICT_OBJC_MSGSEND = YES;
				ENABLE_TESTABILITY = YES;
				GCC_C_LANGUAGE_STANDARD = gnu99;
				GCC_DYNAMIC_NO_PIC = NO;
				GCC_NO_COMMON_BLOCKS = YES;
				GCC_OPTIMIZATION_LEVEL = 0;
				GCC_PREPROCESSOR_DEFINITIONS = (
					"DEBUG=1",
					"$(inherited)",
				);
				GCC_WARN_64_TO_32_BIT_CONVERSION = YES;
				GCC_WARN_ABOUT_RETURN_TYPE = YES_ERROR;
				GCC_WARN_UNDECLARED_SELECTOR = YES;
				GCC_WARN_UNINITIALIZED_AUTOS = YES_AGGRESSIVE;
				GCC_WARN_UNUSED_FUNCTION = YES;
				GCC_WARN_UNUSED_VARIABLE = YES;
				IPHONEOS_DEPLOYMENT_TARGET = 9.2;
				MTL_ENABLE_DEBUG_INFO = YES;
				ONLY_ACTIVE_ARCH = YES;
				SDKROOT = iphoneos;
				SWIFT_OPTIMIZATION_LEVEL = "-Onone";
				TARGETED_DEVICE_FAMILY = "1,2";
			};
			name = Debug;
		};
		83B16FEF1C5ED5A0001D7815 /* Release */ = {
			isa = XCBuildConfiguration;
			buildSettings = {
				ALWAYS_SEARCH_USER_PATHS = NO;
				CLANG_CXX_LANGUAGE_STANDARD = "gnu++0x";
				CLANG_CXX_LIBRARY = "libc++";
				CLANG_ENABLE_MODULES = YES;
				CLANG_ENABLE_OBJC_ARC = YES;
				CLANG_WARN_BOOL_CONVERSION = YES;
				CLANG_WARN_CONSTANT_CONVERSION = YES;
				CLANG_WARN_DIRECT_OBJC_ISA_USAGE = YES_ERROR;
				CLANG_WARN_EMPTY_BODY = YES;
				CLANG_WARN_ENUM_CONVERSION = YES;
				CLANG_WARN_INT_CONVERSION = YES;
				CLANG_WARN_OBJC_ROOT_CLASS = YES_ERROR;
				CLANG_WARN_UNREACHABLE_CODE = YES;
				CLANG_WARN__DUPLICATE_METHOD_MATCH = YES;
				"CODE_SIGN_IDENTITY[sdk=iphoneos*]" = "iPhone Developer";
				COPY_PHASE_STRIP = NO;
				DEBUG_INFORMATION_FORMAT = "dwarf-with-dsym";
				ENABLE_NS_ASSERTIONS = NO;
				ENABLE_STRICT_OBJC_MSGSEND = YES;
				GCC_C_LANGUAGE_STANDARD = gnu99;
				GCC_NO_COMMON_BLOCKS = YES;
				GCC_WARN_64_TO_32_BIT_CONVERSION = YES;
				GCC_WARN_ABOUT_RETURN_TYPE = YES_ERROR;
				GCC_WARN_UNDECLARED_SELECTOR = YES;
				GCC_WARN_UNINITIALIZED_AUTOS = YES_AGGRESSIVE;
				GCC_WARN_UNUSED_FUNCTION = YES;
				GCC_WARN_UNUSED_VARIABLE = YES;
				IPHONEOS_DEPLOYMENT_TARGET = 9.2;
				MTL_ENABLE_DEBUG_INFO = NO;
				SDKROOT = iphoneos;
				TARGETED_DEVICE_FAMILY = "1,2";
				VALIDATE_PRODUCT = YES;
			};
			name = Release;
		};
		83B16FF11C5ED5A0001D7815 /* Debug */ = {
			isa = XCBuildConfiguration;
			baseConfigurationReference = 766AB07C5C5EE727C4AB06D6 /* Pods-Surplus.debug.xcconfig */;
			buildSettings = {
				ASSETCATALOG_COMPILER_APPICON_NAME = AppIcon;
				CODE_SIGN_IDENTITY = "iPhone Developer";
				"CODE_SIGN_IDENTITY[sdk=iphoneos*]" = "iPhone Developer";
				ENABLE_BITCODE = NO;
				FRAMEWORK_SEARCH_PATHS = (
					"$(inherited)",
					"$(PROJECT_DIR)/Frameworks",
				);
				INFOPLIST_FILE = Surplus/Info.plist;
				IPHONEOS_DEPLOYMENT_TARGET = 9.0;
				LD_RUNPATH_SEARCH_PATHS = "$(inherited) @executable_path/Frameworks";
				PRODUCT_BUNDLE_IDENTIFIER = calpoly.seniorproject.Surplus;
				PRODUCT_NAME = "$(TARGET_NAME)";
				PROVISIONING_PROFILE = "";
				SWIFT_OBJC_BRIDGING_HEADER = "Surplus/Bridging-Header.h";
			};
			name = Debug;
		};
		83B16FF21C5ED5A0001D7815 /* Release */ = {
			isa = XCBuildConfiguration;
			baseConfigurationReference = BDA459FCA6C504E5E07B5157 /* Pods-Surplus.release.xcconfig */;
			buildSettings = {
				ASSETCATALOG_COMPILER_APPICON_NAME = AppIcon;
				CODE_SIGN_IDENTITY = "iPhone Developer";
				"CODE_SIGN_IDENTITY[sdk=iphoneos*]" = "iPhone Developer";
				ENABLE_BITCODE = NO;
				FRAMEWORK_SEARCH_PATHS = (
					"$(inherited)",
					"$(PROJECT_DIR)/Frameworks",
				);
				INFOPLIST_FILE = Surplus/Info.plist;
				IPHONEOS_DEPLOYMENT_TARGET = 9.0;
				LD_RUNPATH_SEARCH_PATHS = "$(inherited) @executable_path/Frameworks";
				PRODUCT_BUNDLE_IDENTIFIER = calpoly.seniorproject.Surplus;
				PRODUCT_NAME = "$(TARGET_NAME)";
				PROVISIONING_PROFILE = "";
				SWIFT_OBJC_BRIDGING_HEADER = "Surplus/Bridging-Header.h";
			};
			name = Release;
		};
		83B16FF41C5ED5A0001D7815 /* Debug */ = {
			isa = XCBuildConfiguration;
			buildSettings = {
				BUNDLE_LOADER = "$(TEST_HOST)";
				INFOPLIST_FILE = SurplusTests/Info.plist;
				IPHONEOS_DEPLOYMENT_TARGET = 9.0;
				LD_RUNPATH_SEARCH_PATHS = "$(inherited) @executable_path/Frameworks @loader_path/Frameworks";
				PRODUCT_BUNDLE_IDENTIFIER = calpoly.seniorproject.SurplusTests;
				PRODUCT_NAME = "$(TARGET_NAME)";
				TEST_HOST = "$(BUILT_PRODUCTS_DIR)/Surplus.app/Surplus";
			};
			name = Debug;
		};
		83B16FF51C5ED5A0001D7815 /* Release */ = {
			isa = XCBuildConfiguration;
			buildSettings = {
				BUNDLE_LOADER = "$(TEST_HOST)";
				INFOPLIST_FILE = SurplusTests/Info.plist;
				IPHONEOS_DEPLOYMENT_TARGET = 9.0;
				LD_RUNPATH_SEARCH_PATHS = "$(inherited) @executable_path/Frameworks @loader_path/Frameworks";
				PRODUCT_BUNDLE_IDENTIFIER = calpoly.seniorproject.SurplusTests;
				PRODUCT_NAME = "$(TARGET_NAME)";
				TEST_HOST = "$(BUILT_PRODUCTS_DIR)/Surplus.app/Surplus";
			};
			name = Release;
		};
		83B16FF71C5ED5A0001D7815 /* Debug */ = {
			isa = XCBuildConfiguration;
			buildSettings = {
				INFOPLIST_FILE = SurplusUITests/Info.plist;
				IPHONEOS_DEPLOYMENT_TARGET = 9.0;
				LD_RUNPATH_SEARCH_PATHS = "$(inherited) @executable_path/Frameworks @loader_path/Frameworks";
				PRODUCT_BUNDLE_IDENTIFIER = calpoly.seniorproject.SurplusUITests;
				PRODUCT_NAME = "$(TARGET_NAME)";
				TEST_TARGET_NAME = Surplus;
				USES_XCTRUNNER = YES;
			};
			name = Debug;
		};
		83B16FF81C5ED5A0001D7815 /* Release */ = {
			isa = XCBuildConfiguration;
			buildSettings = {
				INFOPLIST_FILE = SurplusUITests/Info.plist;
				IPHONEOS_DEPLOYMENT_TARGET = 9.0;
				LD_RUNPATH_SEARCH_PATHS = "$(inherited) @executable_path/Frameworks @loader_path/Frameworks";
				PRODUCT_BUNDLE_IDENTIFIER = calpoly.seniorproject.SurplusUITests;
				PRODUCT_NAME = "$(TARGET_NAME)";
				TEST_TARGET_NAME = Surplus;
				USES_XCTRUNNER = YES;
			};
			name = Release;
		};
/* End XCBuildConfiguration section */

/* Begin XCConfigurationList section */
		83B16FC31C5ED5A0001D7815 /* Build configuration list for PBXProject "Surplus" */ = {
			isa = XCConfigurationList;
			buildConfigurations = (
				83B16FEE1C5ED5A0001D7815 /* Debug */,
				83B16FEF1C5ED5A0001D7815 /* Release */,
			);
			defaultConfigurationIsVisible = 0;
			defaultConfigurationName = Release;
		};
		83B16FF01C5ED5A0001D7815 /* Build configuration list for PBXNativeTarget "Surplus" */ = {
			isa = XCConfigurationList;
			buildConfigurations = (
				83B16FF11C5ED5A0001D7815 /* Debug */,
				83B16FF21C5ED5A0001D7815 /* Release */,
			);
			defaultConfigurationIsVisible = 0;
			defaultConfigurationName = Release;
		};
		83B16FF31C5ED5A0001D7815 /* Build configuration list for PBXNativeTarget "SurplusTests" */ = {
			isa = XCConfigurationList;
			buildConfigurations = (
				83B16FF41C5ED5A0001D7815 /* Debug */,
				83B16FF51C5ED5A0001D7815 /* Release */,
			);
			defaultConfigurationIsVisible = 0;
			defaultConfigurationName = Release;
		};
		83B16FF61C5ED5A0001D7815 /* Build configuration list for PBXNativeTarget "SurplusUITests" */ = {
			isa = XCConfigurationList;
			buildConfigurations = (
				83B16FF71C5ED5A0001D7815 /* Debug */,
				83B16FF81C5ED5A0001D7815 /* Release */,
			);
			defaultConfigurationIsVisible = 0;
			defaultConfigurationName = Release;
		};
/* End XCConfigurationList section */
	};
	rootObject = 83B16FC01C5ED5A0001D7815 /* Project object */;
}
