PODS:
  - AMScrollingNavbar (2.0.14)
  - DatePickerCell (1.0.4)
  - DZNEmptyDataSet (1.8)
  - EAIntroView (2.8.3):
    - EARestrictedScrollView (~> 1.1.0)
  - EARestrictedScrollView (1.1.0)
  - Firebase (2.5.1)
  - GGLInstanceID (1.2.1)
  - Google/CloudMessaging (2.0.4):
    - GGLInstanceID (~> 1.0)
    - Google/Core
    - GoogleCloudMessaging (~> 1.0)
  - Google/Core (2.0.4):
    - GoogleInterchangeUtilities (~> 1.0)
    - GoogleNetworkingUtilities (~> 1.0)
    - GoogleSymbolUtilities (~> 1.0)
    - GoogleUtilities (~> 1.1)
  - GoogleCloudMessaging (1.2.0):
    - GoogleInterchangeUtilities (~> 1.0)
    - GoogleIPhoneUtilities (~> 1.0)
    - GoogleSymbolUtilities (~> 1.0)
  - GoogleInterchangeUtilities (1.2.0):
    - GoogleSymbolUtilities (~> 1.0)
  - GoogleIPhoneUtilities (1.2.0):
    - GoogleSymbolUtilities (~> 1.0)
    - GoogleUtilities (~> 1.0)
  - GoogleNetworkingUtilities (1.2.0):
    - GoogleSymbolUtilities (~> 1.0)
  - GoogleSymbolUtilities (1.1.0)
  - GoogleUtilities (1.3.0):
    - GoogleSymbolUtilities (~> 1.0)
  - JSQMessagesViewController (7.2.0):
    - JSQSystemSoundPlayer (~> 2.0.1)
  - JSQSystemSoundPlayer (2.0.1)
  - Popover (0.9.0)
  - SwiftLoader (0.2.5)

DEPENDENCIES:
  - AMScrollingNavbar (~> 2.0.1)
  - DatePickerCell
  - DZNEmptyDataSet
  - EAIntroView (~> 2.8.0)
  - Firebase (>= 2.5.0)
  - Google/CloudMessaging
  - JSQMessagesViewController
  - Popover
  - SwiftLoader

SPEC CHECKSUMS:
  AMScrollingNavbar: be1de69f46cea4667026400db6cb22e783f9533d
  DatePickerCell: 20d2ba8b5cd5bb8a5a79e2b43bc7758e3b65daf2
  DZNEmptyDataSet: d2351b2e8daefa40433ef292e246e21f6be31a7b
  EAIntroView: e948c83e642f30010d427e643c18a6f2b529afed
  EARestrictedScrollView: b0c2a3f92fb2610bb44d71c5e4893777c89e45ef
  Firebase: 3565ea88b830f28f2c77ecc524622bc71a20d085
  GGLInstanceID: 4a317044f744281b82cd03015f379899f277cad3
  Google: d0932824c5b97c96be489aa6f4e8cd6c294d637d
  GoogleCloudMessaging: f37ea14dd0f41d4d889c10b5559dd35bbfd9ac26
  GoogleInterchangeUtilities: 427382e42d8a340038bec37c6fdfd316e14b5fa2
  GoogleIPhoneUtilities: 1c2996078f079d2fc54453dbd13eaf5523666550
  GoogleNetworkingUtilities: ec1e9911aca811eb18b7144394fee6168b607785
  GoogleSymbolUtilities: eb3965ea12710569c7b80db198a39e39b18613f7
  GoogleUtilities: 5c653f7df2eedf0ce0efdfe5afe4f831f375fd7a
  JSQMessagesViewController: 73cab48aa92fc2d512f3b6724f3425cc47a19eb5
  JSQSystemSoundPlayer: c5850e77a4363ffd374cd851154b9af93264ed8d
  Popover: e5a2cbfa29bb982c95cff0d7eb94f47173dbfbcc
  SwiftLoader: 12d7a6f661f5e9a2c9a72003e7dd6162f4ff0cc4

COCOAPODS: 0.39.0
